
Microsoft Visual Studio Solution File, Format Version 12.00
# Visual Studio 15
VisualStudioVersion = 15.0.26730.15
MinimumVisualStudioVersion = 10.0.40219.1
Project("{FAE04EC0-301F-11D3-BF4B-00C04F79EFBC}") = "Checkers_TahiraKhan_Console", "Checkers_TahiraKhan\Checkers_TahiraKhan_Console.csproj", "{CA4E040F-045D-41F2-B8A9-4FE4B887DBF7}"
EndProject
Project("{FAE04EC0-301F-11D3-BF4B-00C04F79EFBC}") = "Checkers_TahiraKhan_GUI", "GUI\Checkers_TahiraKhan_GUI.csproj", "{808C523C-38DC-48B6-8665-838BAEAFA0CC}"
EndProject
Global
	GlobalSection(SolutionConfigurationPlatforms) = preSolution
		Debug|Any CPU = Debug|Any CPU
		Release|Any CPU = Release|Any CPU
	EndGlobalSection
	GlobalSection(ProjectConfigurationPlatforms) = postSolution
		{CA4E040F-045D-41F2-B8A9-4FE4B887DBF7}.Debug|Any CPU.ActiveCfg = Debug|Any CPU
		{CA4E040F-045D-41F2-B8A9-4FE4B887DBF7}.Debug|Any CPU.Build.0 = Debug|Any CPU
		{CA4E040F-045D-41F2-B8A9-4FE4B887DBF7}.Release|Any CPU.ActiveCfg = Release|Any CPU
		{CA4E040F-045D-41F2-B8A9-4FE4B887DBF7}.Release|Any CPU.Build.0 = Release|Any CPU
		{808C523C-38DC-48B6-8665-838BAEAFA0CC}.Debug|Any CPU.ActiveCfg = Debug|Any CPU
		{808C523C-38DC-48B6-8665-838BAEAFA0CC}.Debug|Any CPU.Build.0 = Debug|Any CPU
		{808C523C-38DC-48B6-8665-838BAEAFA0CC}.Release|Any CPU.ActiveCfg = Release|Any CPU
		{808C523C-38DC-48B6-8665-838BAEAFA0CC}.Release|Any CPU.Build.0 = Release|Any CPU
	EndGlobalSection
	GlobalSection(SolutionProperties) = preSolution
		HideSolutionNode = FALSE
	EndGlobalSection
	GlobalSection(ExtensibilityGlobals) = postSolution
		SolutionGuid = {E2F803F1-7815-4C26-A07D-D09EF3D22188}
	EndGlobalSection
EndGlobal
