
Microsoft Visual Studio Solution File, Format Version 12.00
# Visual Studio 15
VisualStudioVersion = 15.0.26730.15
MinimumVisualStudioVersion = 10.0.40219.1
Project("{FAE04EC0-301F-11D3-BF4B-00C04F79EFBC}") = "Checkers_TahiraKhan", "Checkers_TahiraKhan\Checkers_TahiraKhan.csproj", "{808C523C-38DC-48B6-8665-838BAEAFA0CC}"
EndProject
Global
	GlobalSection(SolutionConfigurationPlatforms) = preSolution
		Debug|Any CPU = Debug|Any CPU
		Release|Any CPU = Release|Any CPU
	EndGlobalSection
	GlobalSection(ProjectConfigurationPlatforms) = postSolution
		{808C523C-38DC-48B6-8665-838BAEAFA0CC}.Debug|Any CPU.ActiveCfg = Debug|Any CPU
		{808C523C-38DC-48B6-8665-838BAEAFA0CC}.Debug|Any CPU.Build.0 = Debug|Any CPU
		{808C523C-38DC-48B6-8665-838BAEAFA0CC}.Release|Any CPU.ActiveCfg = Release|Any CPU
		{808C523C-38DC-48B6-8665-838BAEAFA0CC}.Release|Any CPU.Build.0 = Release|Any CPU
	EndGlobalSection
	GlobalSection(SolutionProperties) = preSolution
		HideSolutionNode = FALSE
	EndGlobalSection
	GlobalSection(ExtensibilityGlobals) = postSolution
		SolutionGuid = {81A4F315-1514-46A2-81D3-93882C2DB12C}
	EndGlobalSection
EndGlobal
